
Microsoft Visual Studio Solution File, Format Version 12.00
# Visual Studio Version 17
VisualStudioVersion = 17.10.34928.147
MinimumVisualStudioVersion = 10.0.40219.1
Project("{9A19103F-16F7-4668-BE54-9A1E7A4F7556}") = "CryptoPriceChecker", "CryptoPriceChecker.csproj", "{4BCD68EC-BA58-4F1F-A1BC-1B179CD26003}"
EndProject
Global
	GlobalSection(SolutionConfigurationPlatforms) = preSolution
		Debug|Any CPU = Debug|Any CPU
		Release|Any CPU = Release|Any CPU
	EndGlobalSection
	GlobalSection(ProjectConfigurationPlatforms) = postSolution
		{4BCD68EC-BA58-4F1F-A1BC-1B179CD26003}.Debug|Any CPU.ActiveCfg = Debug|Any CPU
		{4BCD68EC-BA58-4F1F-A1BC-1B179CD26003}.Debug|Any CPU.Build.0 = Debug|Any CPU
		{4BCD68EC-BA58-4F1F-A1BC-1B179CD26003}.Release|Any CPU.ActiveCfg = Release|Any CPU
		{4BCD68EC-BA58-4F1F-A1BC-1B179CD26003}.Release|Any CPU.Build.0 = Release|Any CPU
	EndGlobalSection
	GlobalSection(SolutionProperties) = preSolution
		HideSolutionNode = FALSE
	EndGlobalSection
	GlobalSection(ExtensibilityGlobals) = postSolution
		SolutionGuid = {886EE498-C7AD-4326-B0B4-5DB89508624B}
	EndGlobalSection
EndGlobal
